
Microsoft Visual Studio Solution File, Format Version 12.00
# Visual Studio Version 17
VisualStudioVersion = 17.2.32526.322
MinimumVisualStudioVersion = 10.0.40219.1
Project("{FAE04EC0-301F-11D3-BF4B-00C04F79EFBC}") = "C-Sharp-Mail-Gonderme-App", "C-Sharp-Mail-Gonderme-App\C-Sharp-Mail-Gonderme-App.csproj", "{CF04F6C3-6B94-4EC7-879D-2AE5736FAF80}"
EndProject
Global
	GlobalSection(SolutionConfigurationPlatforms) = preSolution
		Debug|Any CPU = Debug|Any CPU
		Release|Any CPU = Release|Any CPU
	EndGlobalSection
	GlobalSection(ProjectConfigurationPlatforms) = postSolution
		{CF04F6C3-6B94-4EC7-879D-2AE5736FAF80}.Debug|Any CPU.ActiveCfg = Debug|Any CPU
		{CF04F6C3-6B94-4EC7-879D-2AE5736FAF80}.Debug|Any CPU.Build.0 = Debug|Any CPU
		{CF04F6C3-6B94-4EC7-879D-2AE5736FAF80}.Release|Any CPU.ActiveCfg = Release|Any CPU
		{CF04F6C3-6B94-4EC7-879D-2AE5736FAF80}.Release|Any CPU.Build.0 = Release|Any CPU
	EndGlobalSection
	GlobalSection(SolutionProperties) = preSolution
		HideSolutionNode = FALSE
	EndGlobalSection
	GlobalSection(ExtensibilityGlobals) = postSolution
		SolutionGuid = {617637A7-1994-438F-B569-A046AE642017}
	EndGlobalSection
EndGlobal
